github.com/dimonrus/gocli v0.3.0 h1:2L3XM2objg/yUeE33kG4vwkuTb1lGpWK5uuVCrQGtP8=
github.com/dimonrus/gocli v0.3.0/go.mod h1:CEYC5mhEb62WueiOtYXcNV2SeLS299qyu36txRF+fYU=
github.com/dimonrus/gohelp v0.0.0-20190829121625-4c83fef66acc h1:PG5SJJcQtobi9U4wjWTiV3guAbyxuadSpLVeEgy8Vgc=
github.com/dimonrus/gohelp v0.0.0-20190829121625-4c83fef66acc/go.mod h1:+dOOHmnzKauApxlx1kn/sHAYds3gPvMvXLpeLtBq82E=
github.com/dimonrus/porterr v1.6.0 h1:IsPmEiU2UkRAAnGUjM/L+1lx4fQEORTzuOEyh1CsCRE=
github.com/dimonrus/porterr v1.6.0/go.mod h1:BCVpaUyYdawPPzeAa8yjCYvemctND1I9ER/nFnOyDgQ=
github.com/streadway/amqp v0.0.0-20190827072141-edfb9018d271 h1:WhxRHzgeVGETMlmVfqhRn8RIeeNoPr2Czh33I4Zdccw=
github.com/streadway/amqp v0.0.0-20190827072141-edfb9018d271/go.mod h1:AZpEONHx3DKn8O/DFsRAY58/XVQiIPMTMB1SddzLXVw=
gopkg.in/check.v1 v0.0.0-20161208181325-20d25e280405/go.mod h1:Co6ibVJAznAaIkqp8huTwlJQCZ016jof/cbN4VW5Yz0=
gopkg.in/yaml.v2 v2.2.2/go.mod h1:hI93XBmqTisBFMUTm0b8Fm+jr3Dg1NNxqwp+5A1VGuI=
